
Microsoft Visual Studio Solution File, Format Version 12.00
# Visual Studio Version 16
VisualStudioVersion = 16.0.31624.102
MinimumVisualStudioVersion = 10.0.40219.1
Project("{9A19103F-16F7-4668-BE54-9A1E7A4F7556}") = "tgamerApi", "tgamerApi.csproj", "{6FA61A35-3E63-4A07-918F-B20F5D039CD8}"
EndProject
Global
	GlobalSection(SolutionConfigurationPlatforms) = preSolution
		Debug|Any CPU = Debug|Any CPU
		Release|Any CPU = Release|Any CPU
	EndGlobalSection
	GlobalSection(ProjectConfigurationPlatforms) = postSolution
		{6FA61A35-3E63-4A07-918F-B20F5D039CD8}.Debug|Any CPU.ActiveCfg = Debug|Any CPU
		{6FA61A35-3E63-4A07-918F-B20F5D039CD8}.Debug|Any CPU.Build.0 = Debug|Any CPU
		{6FA61A35-3E63-4A07-918F-B20F5D039CD8}.Release|Any CPU.ActiveCfg = Release|Any CPU
		{6FA61A35-3E63-4A07-918F-B20F5D039CD8}.Release|Any CPU.Build.0 = Release|Any CPU
	EndGlobalSection
	GlobalSection(SolutionProperties) = preSolution
		HideSolutionNode = FALSE
	EndGlobalSection
	GlobalSection(ExtensibilityGlobals) = postSolution
		SolutionGuid = {4CC734F3-E8A9-4BD2-9CE9-2029CA3370F3}
	EndGlobalSection
EndGlobal
